{"_meta":{"file-type":"spack-lockfile","lockfile-version":7,"specfile-version":5},"spack":{"version":"1.2.0","type":"release"},"roots":[{"hash":"4yugazj7fjggbulanprohvbrovcor7fl","spec":"qupath@0.7.0+djl+pytorch torch_version=2.7.1 ^openjdk@25","group":"qupath"},{"hash":"4m7atp6hukjkre36qjpnzr76kizayjkm","spec":"qupath@0.6.0+djl+pytorch torch_version=2.7.1 ^openjdk@25","group":"qupath"},{"hash":"fwvwrtawzi6s3dybwdyk3eiv6v7drrbn","spec":"qupath@0.5.0+djl+pytorch torch_version=2.7.1 ^openjdk@25","group":"qupath"}],"concrete_specs":{"4yugazj7fjggbulanprohvbrovcor7fl":{"name":"qupath","version":"0.7.0","arch":{"platform":"linux","platform_os":"rhel8","target":{"name":"skylake_avx512","vendor":"GenuineIntel","features":["abm","adx","aes","avx","avx2","avx512bw","avx512cd","avx512dq","avx512f","avx512vl","bmi1","bmi2","clflushopt","clwb","cx16","f16c","fma","lahf_lm","mmx","movbe","pclmulqdq","popcnt","rdrand","rdseed","sse","sse2","sse3","sse4_1","sse4_2","ssse3","xsave","xsavec","xsaveopt"],"generation":0,"parents":["skylake","x86_64_v4"],"cpupart":""}},"namespace":"builtin","parameters":{"build_system":"generic","djl":true,"fiji":false,"javadocs":false,"patches":["072a6ed94bae33ddfb512ce330c5d50303a45d0f04913ec67dfc87fca7e9aa77"],"pytorch":true,"torch_version":"2.7.1","cflags":[],"cppflags":[],"cxxflags":[],"fflags":[],"ldflags":[],"ldlibs":[]},"patches":["072a6ed94bae33ddfb512ce330c5d50303a45d0f04913ec67dfc87fca7e9aa77"],"package_hash":"zlirnjhutdw5j3xqum6ulnq3ohtwolbjkugzoeeehjxctzyiwrla====","dependencies":[{"name":"openjdk","hash":"sj27x5fyagvak2k3ngkgirbk4de36rkl","parameters":{"deptypes":["build"],"virtuals":["java"]}},{"name":"py-pip","hash":"zfnpplxjyy7qpkdu645n5rapaol3rmoj","parameters":{"deptypes":["build"],"virtuals":[]}},{"name":"python","hash":"7hjnmujsbmsmu5qumz47bmehqy62ueqz","parameters":{"deptypes":["build","run"],"virtuals":[]}}],"annotations":{"original_specfile_version":5},"hash":"4yugazj7fjggbulanprohvbrovcor7fl"},"sj27x5fyagvak2k3ngkgirbk4de36rkl":{"name":"openjdk","version":"25.0.2_10","arch":{"platform":"linux","platform_os":"rhel8","target":{"name":"skylake_avx512","vendor":"GenuineIntel","features":["abm","adx","aes","avx","avx2","avx512bw","avx512cd","avx512dq","avx512f","avx512vl","bmi1","bmi2","clflushopt","clwb","cx16","f16c","fma","lahf_lm","mmx","movbe","pclmulqdq","popcnt","rdrand","rdseed","sse","sse2","sse3","sse4_1","sse4_2","ssse3","xsave","xsavec","xsaveopt"],"generation":0,"parents":["skylake","x86_64_v4"],"cpupart":""}},"namespace":"builtin","parameters":{"build_system":"generic","certs":"none","cflags":[],"cppflags":[],"cxxflags":[],"fflags":[],"ldflags":[],"ldlibs":[]},"package_hash":"emr6sgwcvuoqbyh5kwscno6knumywyuzsyhekq7wg7rbm2q7brja====","annotations":{"original_specfile_version":5},"hash":"sj27x5fyagvak2k3ngkgirbk4de36rkl"},"zfnpplxjyy7qpkdu645n5rapaol3rmoj":{"name":"py-pip","version":"26.1.2","arch":{"platform":"linux","platform_os":"rhel8","target":{"name":"skylake_avx512","vendor":"GenuineIntel","features":["abm","adx","aes","avx","avx2","avx512bw","avx512cd","avx512dq","avx512f","avx512vl","bmi1","bmi2","clflushopt","clwb","cx16","f16c","fma","lahf_lm","mmx","movbe","pclmulqdq","popcnt","rdrand","rdseed","sse","sse2","sse3","sse4_1","sse4_2","ssse3","xsave","xsavec","xsaveopt"],"generation":0,"parents":["skylake","x86_64_v4"],"cpupart":""}},"namespace":"builtin","parameters":{"build_system":"generic","cflags":[],"cppflags":[],"cxxflags":[],"fflags":[],"ldflags":[],"ldlibs":[]},"package_hash":"uov4bvgqzkskrwqdp4xt237uyxiantgyr6a3zjewthko442bs2vq====","dependencies":[{"name":"python","hash":"7hjnmujsbmsmu5qumz47bmehqy62ueqz","parameters":{"deptypes":["build","run"],"virtuals":[]}},{"name":"python-venv","hash":"f4mx4a2lt4xj3j2kiddmjgua47lmq75o","parameters":{"deptypes":["build","run"],"virtuals":[]}}],"annotations":{"original_specfile_version":5},"hash":"zfnpplxjyy7qpkdu645n5rapaol3rmoj"},"7hjnmujsbmsmu5qumz47bmehqy62ueqz":{"name":"python","version":"3.13.13","arch":{"platform":"linux","platform_os":"rhel8","target":{"name":"skylake_avx512","vendor":"GenuineIntel","features":["abm","adx","aes","avx","avx2","avx512bw","avx512cd","avx512dq","avx512f","avx512vl","bmi1","bmi2","clflushopt","clwb","cx16","f16c","fma","lahf_lm","mmx","movbe","pclmulqdq","popcnt","rdrand","rdseed","sse","sse2","sse3","sse4_1","sse4_2","ssse3","xsave","xsavec","xsaveopt"],"generation":0,"parents":["skylake","x86_64_v4"],"cpupart":""}},"namespace":"builtin","parameters":{"arc":true,"build_system":"generic","bz2":true,"ctypes":true,"dbm":true,"debug":false,"freethreading":false,"libxml2":true,"lzma":true,"optimizations":true,"pic":true,"pyexpat":true,"pythoncmd":true,"readline":true,"shared":true,"sqlite3":true,"ssl":true,"static":false,"tests":false,"tkinter":false,"uuid":true,"zlib":true,"cflags":[],"cppflags":[],"cxxflags":[],"fflags":[],"ldflags":[],"ldlibs":[]},"package_hash":"qtv6zfckkuogmzfdsibbqcx7nmdfcmm6hioe467mtwaj66e7rjqa====","dependencies":[{"name":"cmake","hash":"3k2keacdpku5hf4epgep7v7p4gqkqrph","parameters":{"deptypes":["build"],"virtuals":[]}},{"name":"compiler-wrapper","hash":"4ejdusolckqlxmrw7r34x3rgpfq24yyw","parameters":{"deptypes":["build"],"virtuals":[]}},{"name":"gcc","hash":"ugbg3rlvbnbu2hbch4qyo4w5ao64ucnn","parameters":{"deptypes":["build"],"virtuals":["c","cxx"]}},{"name":"gcc-runtime","hash":"eia4l4kwtm44hurfj7mhjzxv3ktrhnzl","parameters":{"deptypes":["link"],"virtuals":[]}},{"name":"glibc","hash":"wklw66w6nfmeu4rz357lnkqgj5xs6kjd","parameters":{"deptypes":["link"],"virtuals":["libc"]}},{"name":"gmake","hash":"sledvnjv6g5kbdp2rgysaaatrlcflemo","parameters":{"deptypes":["build"],"virtuals":[]}},{"name":"pkgconf","hash":"fth7jowyvb2w7owyzjcx2ciysgoizu2n","parameters":{"deptypes":["build"],"virtuals":["pkgconfig"]}}],"annotations":{"original_specfile_version":5},"hash":"7hjnmujsbmsmu5qumz47bmehqy62ueqz"},"3k2keacdpku5hf4epgep7v7p4gqkqrph":{"name":"cmake","version":"3.31.12","arch":{"platform":"linux","platform_os":"rhel8","target":{"name":"skylake_avx512","vendor":"GenuineIntel","features":["abm","adx","aes","avx","avx2","avx512bw","avx512cd","avx512dq","avx512f","avx512vl","bmi1","bmi2","clflushopt","clwb","cx16","f16c","fma","lahf_lm","mmx","movbe","pclmulqdq","popcnt","rdrand","rdseed","sse","sse2","sse3","sse4_1","sse4_2","ssse3","xsave","xsavec","xsaveopt"],"generation":0,"parents":["skylake","x86_64_v4"],"cpupart":""}},"namespace":"builtin","parameters":{"build_system":"generic","build_type":"Release","doc":false,"ownlibs":true,"qtgui":false,"cflags":[],"cppflags":[],"cxxflags":[],"fflags":[],"ldflags":[],"ldlibs":[]},"package_hash":"oxycboqu7h2wp2kfsvo2rsexjp4d6c4jilhbesgosgityjzxjz3a====","dependencies":[{"name":"compiler-wrapper","hash":"4ejdusolckqlxmrw7r34x3rgpfq24yyw","parameters":{"deptypes":["build"],"virtuals":[]}},{"name":"gcc","hash":"ugbg3rlvbnbu2hbch4qyo4w5ao64ucnn","parameters":{"deptypes":["build"],"virtuals":["c","cxx"]}},{"name":"gcc-runtime","hash":"eia4l4kwtm44hurfj7mhjzxv3ktrhnzl","parameters":{"deptypes":["link"],"virtuals":[]}},{"name":"glibc","hash":"wklw66w6nfmeu4rz357lnkqgj5xs6kjd","parameters":{"deptypes":["link"],"virtuals":["libc"]}},{"name":"gmake","hash":"sledvnjv6g5kbdp2rgysaaatrlcflemo","parameters":{"deptypes":["build","run"],"virtuals":[]}}],"annotations":{"original_specfile_version":5},"hash":"3k2keacdpku5hf4epgep7v7p4gqkqrph"},"4ejdusolckqlxmrw7r34x3rgpfq24yyw":{"name":"compiler-wrapper","version":"1.1.0","arch":{"platform":"linux","platform_os":"rhel8","target":{"name":"skylake_avx512","vendor":"GenuineIntel","features":["abm","adx","aes","avx","avx2","avx512bw","avx512cd","avx512dq","avx512f","avx512vl","bmi1","bmi2","clflushopt","clwb","cx16","f16c","fma","lahf_lm","mmx","movbe","pclmulqdq","popcnt","rdrand","rdseed","sse","sse2","sse3","sse4_1","sse4_2","ssse3","xsave","xsavec","xsaveopt"],"generation":0,"parents":["skylake","x86_64_v4"],"cpupart":""}},"namespace":"builtin","parameters":{"build_system":"generic","cflags":[],"cppflags":[],"cxxflags":[],"fflags":[],"ldflags":[],"ldlibs":[]},"package_hash":"krswqw733edchvgy6sdrysilrhnacucktrtqngbnbtcymxtsnkaa====","annotations":{"original_specfile_version":5},"hash":"4ejdusolckqlxmrw7r34x3rgpfq24yyw"},"ugbg3rlvbnbu2hbch4qyo4w5ao64ucnn":{"name":"gcc","version":"10.3.0","arch":{"platform":"linux","platform_os":"rhel8","target":"x86_64"},"namespace":"builtin","parameters":{"binutils":true,"bootstrap":true,"build_system":"autotools","build_type":"RelWithDebInfo","futex":true,"graphite":false,"languages":["c","c++","fortran"],"libsanitizer":true,"nvptx":false,"piclibs":false,"profiled":false,"strip":false,"cflags":[],"cppflags":[],"cxxflags":[],"fflags":[],"ldflags":[],"ldlibs":[]},"external":{"path":"/sw/pkgs/arc/gcc/10.3.0","module":null,"extra_attributes":{"compilers":{"c":"/sw/pkgs/arc/gcc/10.3.0/bin/gcc","cxx":"/sw/pkgs/arc/gcc/10.3.0/bin/g++","fortran":"/sw/pkgs/arc/gcc/10.3.0/bin/gfortran"}}},"package_hash":"yqq4wqk63x4t5dlbhaqyz67eumsz72eogcxpou2riyjc5ksvyt6q====","annotations":{"original_specfile_version":5},"hash":"ugbg3rlvbnbu2hbch4qyo4w5ao64ucnn"},"eia4l4kwtm44hurfj7mhjzxv3ktrhnzl":{"name":"gcc-runtime","version":"10.3.0","arch":{"platform":"linux","platform_os":"rhel8","target":{"name":"skylake_avx512","vendor":"GenuineIntel","features":["abm","adx","aes","avx","avx2","avx512bw","avx512cd","avx512dq","avx512f","avx512vl","bmi1","bmi2","clflushopt","clwb","cx16","f16c","fma","lahf_lm","mmx","movbe","pclmulqdq","popcnt","rdrand","rdseed","sse","sse2","sse3","sse4_1","sse4_2","ssse3","xsave","xsavec","xsaveopt"],"generation":0,"parents":["skylake","x86_64_v4"],"cpupart":""}},"namespace":"builtin","parameters":{"build_system":"generic","cflags":[],"cppflags":[],"cxxflags":[],"fflags":[],"ldflags":[],"ldlibs":[]},"package_hash":"4wopkmadudswpydg45u4k2mzsyzwvmcmwre2cb735c7kd43qwpdq====","dependencies":[{"name":"gcc","hash":"ugbg3rlvbnbu2hbch4qyo4w5ao64ucnn","parameters":{"deptypes":["build"],"virtuals":[]}},{"name":"glibc","hash":"wklw66w6nfmeu4rz357lnkqgj5xs6kjd","parameters":{"deptypes":["link"],"virtuals":["libc"]}}],"annotations":{"original_specfile_version":5},"hash":"eia4l4kwtm44hurfj7mhjzxv3ktrhnzl"},"wklw66w6nfmeu4rz357lnkqgj5xs6kjd":{"name":"glibc","version":"2.28","arch":{"platform":"linux","platform_os":"rhel8","target":"x86_64"},"namespace":"builtin","parameters":{"build_system":"autotools","cflags":[],"cppflags":[],"cxxflags":[],"fflags":[],"ldflags":[],"ldlibs":[]},"external":{"path":"/usr","module":null,"extra_attributes":{}},"package_hash":"jdlbr45avbojqblgqyhxazswj3vhk6ww5srrm35h7ezj2mrcaccq====","annotations":{"original_specfile_version":5},"hash":"wklw66w6nfmeu4rz357lnkqgj5xs6kjd"},"sledvnjv6g5kbdp2rgysaaatrlcflemo":{"name":"gmake","version":"4.4.1","arch":{"platform":"linux","platform_os":"rhel8","target":{"name":"skylake_avx512","vendor":"GenuineIntel","features":["abm","adx","aes","avx","avx2","avx512bw","avx512cd","avx512dq","avx512f","avx512vl","bmi1","bmi2","clflushopt","clwb","cx16","f16c","fma","lahf_lm","mmx","movbe","pclmulqdq","popcnt","rdrand","rdseed","sse","sse2","sse3","sse4_1","sse4_2","ssse3","xsave","xsavec","xsaveopt"],"generation":0,"parents":["skylake","x86_64_v4"],"cpupart":""}},"namespace":"builtin","parameters":{"build_system":"generic","guile":false,"cflags":[],"cppflags":[],"cxxflags":[],"fflags":[],"ldflags":[],"ldlibs":[]},"package_hash":"t7cpl3gi3q6vihjpyqrvviu4rlsgcfjvv4mt4rcq3wie2i7jr6sq====","dependencies":[{"name":"compiler-wrapper","hash":"4ejdusolckqlxmrw7r34x3rgpfq24yyw","parameters":{"deptypes":["build"],"virtuals":[]}},{"name":"gcc","hash":"ugbg3rlvbnbu2hbch4qyo4w5ao64ucnn","parameters":{"deptypes":["build"],"virtuals":["c"]}},{"name":"gcc-runtime","hash":"eia4l4kwtm44hurfj7mhjzxv3ktrhnzl","parameters":{"deptypes":["link"],"virtuals":[]}},{"name":"glibc","hash":"wklw66w6nfmeu4rz357lnkqgj5xs6kjd","parameters":{"deptypes":["link"],"virtuals":["libc"]}}],"annotations":{"original_specfile_version":5},"hash":"sledvnjv6g5kbdp2rgysaaatrlcflemo"},"fth7jowyvb2w7owyzjcx2ciysgoizu2n":{"name":"pkgconf","version":"2.5.1","arch":{"platform":"linux","platform_os":"rhel8","target":"x86_64"},"namespace":"builtin","parameters":{"build_system":"autotools","cflags":[],"cppflags":[],"cxxflags":[],"fflags":[],"ldflags":[],"ldlibs":[]},"external":{"path":"/usr","module":null,"extra_attributes":{}},"package_hash":"o6vd55gzw74grnmg4yrt3smyrtsshssqjvxsqbchcjimkv2nkysa====","annotations":{"original_specfile_version":5},"hash":"fth7jowyvb2w7owyzjcx2ciysgoizu2n"},"f4mx4a2lt4xj3j2kiddmjgua47lmq75o":{"name":"python-venv","version":"1.0","arch":{"platform":"linux","platform_os":"rhel8","target":{"name":"skylake_avx512","vendor":"GenuineIntel","features":["abm","adx","aes","avx","avx2","avx512bw","avx512cd","avx512dq","avx512f","avx512vl","bmi1","bmi2","clflushopt","clwb","cx16","f16c","fma","lahf_lm","mmx","movbe","pclmulqdq","popcnt","rdrand","rdseed","sse","sse2","sse3","sse4_1","sse4_2","ssse3","xsave","xsavec","xsaveopt"],"generation":0,"parents":["skylake","x86_64_v4"],"cpupart":""}},"namespace":"builtin","parameters":{"build_system":"generic","cflags":[],"cppflags":[],"cxxflags":[],"fflags":[],"ldflags":[],"ldlibs":[]},"package_hash":"kdta7ilemit6mnm7boqnwnpvez3gb2nkgxostojzosh72kufwydq====","dependencies":[{"name":"python","hash":"7hjnmujsbmsmu5qumz47bmehqy62ueqz","parameters":{"deptypes":["build","run"],"virtuals":[]}}],"annotations":{"original_specfile_version":5},"hash":"f4mx4a2lt4xj3j2kiddmjgua47lmq75o"},"4m7atp6hukjkre36qjpnzr76kizayjkm":{"name":"qupath","version":"0.6.0","arch":{"platform":"linux","platform_os":"rhel8","target":{"name":"skylake_avx512","vendor":"GenuineIntel","features":["abm","adx","aes","avx","avx2","avx512bw","avx512cd","avx512dq","avx512f","avx512vl","bmi1","bmi2","clflushopt","clwb","cx16","f16c","fma","lahf_lm","mmx","movbe","pclmulqdq","popcnt","rdrand","rdseed","sse","sse2","sse3","sse4_1","sse4_2","ssse3","xsave","xsavec","xsaveopt"],"generation":0,"parents":["skylake","x86_64_v4"],"cpupart":""}},"namespace":"builtin","parameters":{"build_system":"generic","djl":true,"fiji":false,"javadocs":false,"patches":["072a6ed94bae33ddfb512ce330c5d50303a45d0f04913ec67dfc87fca7e9aa77"],"pytorch":true,"torch_version":"2.7.1","cflags":[],"cppflags":[],"cxxflags":[],"fflags":[],"ldflags":[],"ldlibs":[]},"patches":["072a6ed94bae33ddfb512ce330c5d50303a45d0f04913ec67dfc87fca7e9aa77"],"package_hash":"7aeytmdgxrfubadch2fw4x2tzrfmbptzng5vjzn6jewtnft3ghqa====","dependencies":[{"name":"openjdk","hash":"sj27x5fyagvak2k3ngkgirbk4de36rkl","parameters":{"deptypes":["build"],"virtuals":["java"]}},{"name":"py-pip","hash":"zfnpplxjyy7qpkdu645n5rapaol3rmoj","parameters":{"deptypes":["build"],"virtuals":[]}},{"name":"python","hash":"7hjnmujsbmsmu5qumz47bmehqy62ueqz","parameters":{"deptypes":["build","run"],"virtuals":[]}}],"annotations":{"original_specfile_version":5},"hash":"4m7atp6hukjkre36qjpnzr76kizayjkm"},"fwvwrtawzi6s3dybwdyk3eiv6v7drrbn":{"name":"qupath","version":"0.5.0","arch":{"platform":"linux","platform_os":"rhel8","target":{"name":"skylake_avx512","vendor":"GenuineIntel","features":["abm","adx","aes","avx","avx2","avx512bw","avx512cd","avx512dq","avx512f","avx512vl","bmi1","bmi2","clflushopt","clwb","cx16","f16c","fma","lahf_lm","mmx","movbe","pclmulqdq","popcnt","rdrand","rdseed","sse","sse2","sse3","sse4_1","sse4_2","ssse3","xsave","xsavec","xsaveopt"],"generation":0,"parents":["skylake","x86_64_v4"],"cpupart":""}},"namespace":"builtin","parameters":{"build_system":"generic","djl":true,"fiji":false,"javadocs":false,"patches":["072a6ed94bae33ddfb512ce330c5d50303a45d0f04913ec67dfc87fca7e9aa77"],"pytorch":true,"torch_version":"2.7.1","cflags":[],"cppflags":[],"cxxflags":[],"fflags":[],"ldflags":[],"ldlibs":[]},"patches":["072a6ed94bae33ddfb512ce330c5d50303a45d0f04913ec67dfc87fca7e9aa77"],"package_hash":"orhdvblusy5usw54qsvxbjr6s2lbexd6rykdhnopvnt6t2im2buq====","dependencies":[{"name":"openjdk","hash":"sj27x5fyagvak2k3ngkgirbk4de36rkl","parameters":{"deptypes":["build"],"virtuals":["java"]}},{"name":"py-pip","hash":"zfnpplxjyy7qpkdu645n5rapaol3rmoj","parameters":{"deptypes":["build"],"virtuals":[]}},{"name":"python","hash":"7hjnmujsbmsmu5qumz47bmehqy62ueqz","parameters":{"deptypes":["build","run"],"virtuals":[]}}],"annotations":{"original_specfile_version":5},"hash":"fwvwrtawzi6s3dybwdyk3eiv6v7drrbn"}}}