{"_meta":{"file-type":"spack-lockfile","lockfile-version":7,"specfile-version":5},"spack":{"version":"1.2.0","type":"release"},"roots":[{"hash":"tpypg5ktfpgkbrbjg3twkycrecifpvuv","spec":"build-link-test ^hdf5@1.14.6+cxx+fortran+hl~ipo~java~map~mpi+shared+szip~threadsafe+tools ^libaec@1.1.4 ^netcdf-c@4.7.4~hdf4~mpi~parallel-netcdf","group":"test"}],"concrete_specs":{"tpypg5ktfpgkbrbjg3twkycrecifpvuv":{"name":"build-link-test","version":"main","arch":{"platform":"linux","platform_os":"rhel8","target":{"name":"skylake_avx512","vendor":"GenuineIntel","features":["abm","adx","aes","avx","avx2","avx512bw","avx512cd","avx512dq","avx512f","avx512vl","bmi1","bmi2","clflushopt","clwb","cx16","f16c","fma","lahf_lm","mmx","movbe","pclmulqdq","popcnt","rdrand","rdseed","sse","sse2","sse3","sse4_1","sse4_2","ssse3","xsave","xsavec","xsaveopt"],"generation":0,"parents":["skylake","x86_64_v4"],"cpupart":""}},"namespace":"builtin","parameters":{"build_system":"cmake","build_type":"Release","commit":"7b90e2473b4452050e58cefbfdeda9684760ada4","generator":"make","ipo":false,"cflags":[],"cppflags":[],"cxxflags":[],"fflags":[],"ldflags":[],"ldlibs":[]},"package_hash":"hbteeoskc5n7blffrjaonlh3iobij3mcl6z7mpw5zluixubixtza====","dependencies":[{"name":"cmake","hash":"w737clvwmirjezplxe6avxfydsxesfcu","parameters":{"deptypes":["build"],"virtuals":[]}},{"name":"compiler-wrapper","hash":"4ejdusolckqlxmrw7r34x3rgpfq24yyw","parameters":{"deptypes":["build"],"virtuals":[]}},{"name":"flexiblas","hash":"ffzkvcttemz6bjkbxplvrifwomlif7vz","parameters":{"deptypes":["build","link"],"virtuals":[]}},{"name":"freetype","hash":"hdjyvi7eokkz47nad2waxxjav5ja5yli","parameters":{"deptypes":["build","link"],"virtuals":[]}},{"name":"gcc","hash":"w6akmqjjogstolgcqh5loghofzx54fk5","parameters":{"deptypes":["build"],"virtuals":["c","cxx"]}},{"name":"gcc-runtime","hash":"642dvw6noz3zugdhs4uyvgwdkn3uhdxw","parameters":{"deptypes":["link"],"virtuals":[]}},{"name":"glibc","hash":"wklw66w6nfmeu4rz357lnkqgj5xs6kjd","parameters":{"deptypes":["link"],"virtuals":["libc"]}},{"name":"gmake","hash":"ky23t6ogauz36i2b4qs4ov44jz7pmdpb","parameters":{"deptypes":["build"],"virtuals":[]}},{"name":"hdf5","hash":"hrkctml7abzlw7rlhynanzlprqceqsbj","parameters":{"deptypes":["build","link"],"virtuals":[]}},{"name":"libjpeg-turbo","hash":"gu3a57n3hj6ensj53ocvhwibrlkaf7pw","parameters":{"deptypes":["build","link"],"virtuals":[]}},{"name":"libpng","hash":"owpncxovqqfgge4hqslbccpxdbrodsxl","parameters":{"deptypes":["build","link"],"virtuals":[]}},{"name":"netcdf-c","hash":"zzircl6meetjijyyrv6k4zxwlpflsll6","parameters":{"deptypes":["build","link"],"virtuals":[]}},{"name":"openmpi","hash":"rx7fv4lhrpodm4isxqup7crmlh66y4p4","parameters":{"deptypes":["build","link"],"virtuals":["mpi"]}},{"name":"pkgconf","hash":"fth7jowyvb2w7owyzjcx2ciysgoizu2n","parameters":{"deptypes":["build"],"virtuals":["pkgconfig"]}}],"annotations":{"original_specfile_version":5},"hash":"tpypg5ktfpgkbrbjg3twkycrecifpvuv"},"w737clvwmirjezplxe6avxfydsxesfcu":{"name":"cmake","version":"3.31.12","arch":{"platform":"linux","platform_os":"rhel8","target":{"name":"skylake_avx512","vendor":"GenuineIntel","features":["abm","adx","aes","avx","avx2","avx512bw","avx512cd","avx512dq","avx512f","avx512vl","bmi1","bmi2","clflushopt","clwb","cx16","f16c","fma","lahf_lm","mmx","movbe","pclmulqdq","popcnt","rdrand","rdseed","sse","sse2","sse3","sse4_1","sse4_2","ssse3","xsave","xsavec","xsaveopt"],"generation":0,"parents":["skylake","x86_64_v4"],"cpupart":""}},"namespace":"builtin","parameters":{"build_system":"generic","build_type":"Release","doc":false,"ownlibs":true,"qtgui":false,"cflags":[],"cppflags":[],"cxxflags":[],"fflags":[],"ldflags":[],"ldlibs":[]},"package_hash":"oxycboqu7h2wp2kfsvo2rsexjp4d6c4jilhbesgosgityjzxjz3a====","dependencies":[{"name":"compiler-wrapper","hash":"4ejdusolckqlxmrw7r34x3rgpfq24yyw","parameters":{"deptypes":["build"],"virtuals":[]}},{"name":"gcc","hash":"w6akmqjjogstolgcqh5loghofzx54fk5","parameters":{"deptypes":["build"],"virtuals":["c","cxx"]}},{"name":"gcc-runtime","hash":"642dvw6noz3zugdhs4uyvgwdkn3uhdxw","parameters":{"deptypes":["link"],"virtuals":[]}},{"name":"glibc","hash":"wklw66w6nfmeu4rz357lnkqgj5xs6kjd","parameters":{"deptypes":["link"],"virtuals":["libc"]}},{"name":"gmake","hash":"ky23t6ogauz36i2b4qs4ov44jz7pmdpb","parameters":{"deptypes":["build","run"],"virtuals":[]}}],"annotations":{"original_specfile_version":5},"hash":"w737clvwmirjezplxe6avxfydsxesfcu"},"4ejdusolckqlxmrw7r34x3rgpfq24yyw":{"name":"compiler-wrapper","version":"1.1.0","arch":{"platform":"linux","platform_os":"rhel8","target":{"name":"skylake_avx512","vendor":"GenuineIntel","features":["abm","adx","aes","avx","avx2","avx512bw","avx512cd","avx512dq","avx512f","avx512vl","bmi1","bmi2","clflushopt","clwb","cx16","f16c","fma","lahf_lm","mmx","movbe","pclmulqdq","popcnt","rdrand","rdseed","sse","sse2","sse3","sse4_1","sse4_2","ssse3","xsave","xsavec","xsaveopt"],"generation":0,"parents":["skylake","x86_64_v4"],"cpupart":""}},"namespace":"builtin","parameters":{"build_system":"generic","cflags":[],"cppflags":[],"cxxflags":[],"fflags":[],"ldflags":[],"ldlibs":[]},"package_hash":"krswqw733edchvgy6sdrysilrhnacucktrtqngbnbtcymxtsnkaa====","annotations":{"original_specfile_version":5},"hash":"4ejdusolckqlxmrw7r34x3rgpfq24yyw"},"w6akmqjjogstolgcqh5loghofzx54fk5":{"name":"gcc","version":"8.5.0","arch":{"platform":"linux","platform_os":"rhel8","target":"x86_64"},"namespace":"builtin","parameters":{"binutils":true,"bootstrap":true,"build_system":"autotools","build_type":"RelWithDebInfo","graphite":false,"languages":["c","c++","fortran"],"libsanitizer":true,"nvptx":false,"piclibs":false,"profiled":false,"strip":false,"cflags":[],"cppflags":[],"cxxflags":[],"fflags":[],"ldflags":[],"ldlibs":[]},"external":{"path":"/usr","module":null,"extra_attributes":{"compilers":{"c":"/usr/bin/gcc","cxx":"/usr/bin/g++","fortran":"/usr/bin/gfortran"}}},"package_hash":"yi5mbhvj4qlwgbgaqd2drr3q5mnkef3kcvwma6iwusix76fadkta====","annotations":{"original_specfile_version":5},"hash":"w6akmqjjogstolgcqh5loghofzx54fk5"},"642dvw6noz3zugdhs4uyvgwdkn3uhdxw":{"name":"gcc-runtime","version":"8.5.0","arch":{"platform":"linux","platform_os":"rhel8","target":{"name":"skylake_avx512","vendor":"GenuineIntel","features":["abm","adx","aes","avx","avx2","avx512bw","avx512cd","avx512dq","avx512f","avx512vl","bmi1","bmi2","clflushopt","clwb","cx16","f16c","fma","lahf_lm","mmx","movbe","pclmulqdq","popcnt","rdrand","rdseed","sse","sse2","sse3","sse4_1","sse4_2","ssse3","xsave","xsavec","xsaveopt"],"generation":0,"parents":["skylake","x86_64_v4"],"cpupart":""}},"namespace":"builtin","parameters":{"build_system":"generic","cflags":[],"cppflags":[],"cxxflags":[],"fflags":[],"ldflags":[],"ldlibs":[]},"package_hash":"4wopkmadudswpydg45u4k2mzsyzwvmcmwre2cb735c7kd43qwpdq====","dependencies":[{"name":"gcc","hash":"w6akmqjjogstolgcqh5loghofzx54fk5","parameters":{"deptypes":["build"],"virtuals":[]}},{"name":"glibc","hash":"wklw66w6nfmeu4rz357lnkqgj5xs6kjd","parameters":{"deptypes":["link"],"virtuals":["libc"]}}],"annotations":{"original_specfile_version":5},"hash":"642dvw6noz3zugdhs4uyvgwdkn3uhdxw"},"wklw66w6nfmeu4rz357lnkqgj5xs6kjd":{"name":"glibc","version":"2.28","arch":{"platform":"linux","platform_os":"rhel8","target":"x86_64"},"namespace":"builtin","parameters":{"build_system":"autotools","cflags":[],"cppflags":[],"cxxflags":[],"fflags":[],"ldflags":[],"ldlibs":[]},"external":{"path":"/usr","module":null,"extra_attributes":{}},"package_hash":"jdlbr45avbojqblgqyhxazswj3vhk6ww5srrm35h7ezj2mrcaccq====","annotations":{"original_specfile_version":5},"hash":"wklw66w6nfmeu4rz357lnkqgj5xs6kjd"},"ky23t6ogauz36i2b4qs4ov44jz7pmdpb":{"name":"gmake","version":"4.4.1","arch":{"platform":"linux","platform_os":"rhel8","target":{"name":"skylake_avx512","vendor":"GenuineIntel","features":["abm","adx","aes","avx","avx2","avx512bw","avx512cd","avx512dq","avx512f","avx512vl","bmi1","bmi2","clflushopt","clwb","cx16","f16c","fma","lahf_lm","mmx","movbe","pclmulqdq","popcnt","rdrand","rdseed","sse","sse2","sse3","sse4_1","sse4_2","ssse3","xsave","xsavec","xsaveopt"],"generation":0,"parents":["skylake","x86_64_v4"],"cpupart":""}},"namespace":"builtin","parameters":{"build_system":"generic","guile":false,"cflags":[],"cppflags":[],"cxxflags":[],"fflags":[],"ldflags":[],"ldlibs":[]},"package_hash":"t7cpl3gi3q6vihjpyqrvviu4rlsgcfjvv4mt4rcq3wie2i7jr6sq====","dependencies":[{"name":"compiler-wrapper","hash":"4ejdusolckqlxmrw7r34x3rgpfq24yyw","parameters":{"deptypes":["build"],"virtuals":[]}},{"name":"gcc","hash":"w6akmqjjogstolgcqh5loghofzx54fk5","parameters":{"deptypes":["build"],"virtuals":["c"]}},{"name":"gcc-runtime","hash":"642dvw6noz3zugdhs4uyvgwdkn3uhdxw","parameters":{"deptypes":["link"],"virtuals":[]}},{"name":"glibc","hash":"wklw66w6nfmeu4rz357lnkqgj5xs6kjd","parameters":{"deptypes":["link"],"virtuals":["libc"]}}],"annotations":{"original_specfile_version":5},"hash":"ky23t6ogauz36i2b4qs4ov44jz7pmdpb"},"ffzkvcttemz6bjkbxplvrifwomlif7vz":{"name":"flexiblas","version":"3.4.2","arch":{"platform":"linux","platform_os":"rhel8","target":{"name":"skylake_avx512","vendor":"GenuineIntel","features":["abm","adx","aes","avx","avx2","avx512bw","avx512cd","avx512dq","avx512f","avx512vl","bmi1","bmi2","clflushopt","clwb","cx16","f16c","fma","lahf_lm","mmx","movbe","pclmulqdq","popcnt","rdrand","rdseed","sse","sse2","sse3","sse4_1","sse4_2","ssse3","xsave","xsavec","xsaveopt"],"generation":0,"parents":["skylake","x86_64_v4"],"cpupart":""}},"namespace":"builtin","parameters":{"build_system":"cmake","build_type":"Release","generator":"make","ipo":false,"cflags":[],"cppflags":[],"cxxflags":[],"fflags":[],"ldflags":[],"ldlibs":[]},"package_hash":"li7pdfsoqr36ebshalj73xelidtqjlyrfu23yig6msfnjv66wqxa====","dependencies":[{"name":"cmake","hash":"w737clvwmirjezplxe6avxfydsxesfcu","parameters":{"deptypes":["build"],"virtuals":[]}},{"name":"compiler-wrapper","hash":"4ejdusolckqlxmrw7r34x3rgpfq24yyw","parameters":{"deptypes":["build"],"virtuals":[]}},{"name":"gcc","hash":"w6akmqjjogstolgcqh5loghofzx54fk5","parameters":{"deptypes":["build"],"virtuals":["c","cxx","fortran"]}},{"name":"gcc-runtime","hash":"642dvw6noz3zugdhs4uyvgwdkn3uhdxw","parameters":{"deptypes":["link"],"virtuals":["fortran-rt","libgfortran"]}},{"name":"glibc","hash":"wklw66w6nfmeu4rz357lnkqgj5xs6kjd","parameters":{"deptypes":["link"],"virtuals":["libc"]}},{"name":"gmake","hash":"ky23t6ogauz36i2b4qs4ov44jz7pmdpb","parameters":{"deptypes":["build"],"virtuals":[]}}],"annotations":{"original_specfile_version":5},"hash":"ffzkvcttemz6bjkbxplvrifwomlif7vz"},"hdjyvi7eokkz47nad2waxxjav5ja5yli":{"name":"freetype","version":"2.14.3","arch":{"platform":"linux","platform_os":"rhel8","target":{"name":"skylake_avx512","vendor":"GenuineIntel","features":["abm","adx","aes","avx","avx2","avx512bw","avx512cd","avx512dq","avx512f","avx512vl","bmi1","bmi2","clflushopt","clwb","cx16","f16c","fma","lahf_lm","mmx","movbe","pclmulqdq","popcnt","rdrand","rdseed","sse","sse2","sse3","sse4_1","sse4_2","ssse3","xsave","xsavec","xsaveopt"],"generation":0,"parents":["skylake","x86_64_v4"],"cpupart":""}},"namespace":"builtin","parameters":{"build_system":"autotools","pic":true,"shared":true,"cflags":[],"cppflags":[],"cxxflags":[],"fflags":[],"ldflags":[],"ldlibs":[]},"package_hash":"fpe3o7m5l65a6u7juhaivb5vpbh4amd3dbyw6yziylmeyna52o7a====","dependencies":[{"name":"compiler-wrapper","hash":"4ejdusolckqlxmrw7r34x3rgpfq24yyw","parameters":{"deptypes":["build"],"virtuals":[]}},{"name":"gcc","hash":"w6akmqjjogstolgcqh5loghofzx54fk5","parameters":{"deptypes":["build"],"virtuals":["c"]}},{"name":"gcc-runtime","hash":"642dvw6noz3zugdhs4uyvgwdkn3uhdxw","parameters":{"deptypes":["link"],"virtuals":[]}},{"name":"glibc","hash":"wklw66w6nfmeu4rz357lnkqgj5xs6kjd","parameters":{"deptypes":["link"],"virtuals":["libc"]}},{"name":"gmake","hash":"ky23t6ogauz36i2b4qs4ov44jz7pmdpb","parameters":{"deptypes":["build"],"virtuals":[]}},{"name":"libpng","hash":"owpncxovqqfgge4hqslbccpxdbrodsxl","parameters":{"deptypes":["build","link"],"virtuals":[]}},{"name":"pkgconf","hash":"fth7jowyvb2w7owyzjcx2ciysgoizu2n","parameters":{"deptypes":["build"],"virtuals":["pkgconfig"]}}],"annotations":{"original_specfile_version":5},"hash":"hdjyvi7eokkz47nad2waxxjav5ja5yli"},"owpncxovqqfgge4hqslbccpxdbrodsxl":{"name":"libpng","version":"1.6.58","arch":{"platform":"linux","platform_os":"rhel8","target":{"name":"skylake_avx512","vendor":"GenuineIntel","features":["abm","adx","aes","avx","avx2","avx512bw","avx512cd","avx512dq","avx512f","avx512vl","bmi1","bmi2","clflushopt","clwb","cx16","f16c","fma","lahf_lm","mmx","movbe","pclmulqdq","popcnt","rdrand","rdseed","sse","sse2","sse3","sse4_1","sse4_2","ssse3","xsave","xsavec","xsaveopt"],"generation":0,"parents":["skylake","x86_64_v4"],"cpupart":""}},"namespace":"builtin","parameters":{"build_system":"cmake","build_type":"Release","generator":"make","ipo":false,"libs":["shared","static"],"pic":false,"cflags":[],"cppflags":[],"cxxflags":[],"fflags":[],"ldflags":[],"ldlibs":[]},"package_hash":"crhebcvs2liuimnvlepnowszlff4anxtv3pxljezxlcwrxxt4ywa====","dependencies":[{"name":"cmake","hash":"w737clvwmirjezplxe6avxfydsxesfcu","parameters":{"deptypes":["build"],"virtuals":[]}},{"name":"compiler-wrapper","hash":"4ejdusolckqlxmrw7r34x3rgpfq24yyw","parameters":{"deptypes":["build"],"virtuals":[]}},{"name":"gcc","hash":"w6akmqjjogstolgcqh5loghofzx54fk5","parameters":{"deptypes":["build"],"virtuals":["c","cxx"]}},{"name":"gcc-runtime","hash":"642dvw6noz3zugdhs4uyvgwdkn3uhdxw","parameters":{"deptypes":["link"],"virtuals":[]}},{"name":"glibc","hash":"wklw66w6nfmeu4rz357lnkqgj5xs6kjd","parameters":{"deptypes":["link"],"virtuals":["libc"]}},{"name":"gmake","hash":"ky23t6ogauz36i2b4qs4ov44jz7pmdpb","parameters":{"deptypes":["build"],"virtuals":[]}}],"annotations":{"original_specfile_version":5},"hash":"owpncxovqqfgge4hqslbccpxdbrodsxl"},"fth7jowyvb2w7owyzjcx2ciysgoizu2n":{"name":"pkgconf","version":"2.5.1","arch":{"platform":"linux","platform_os":"rhel8","target":"x86_64"},"namespace":"builtin","parameters":{"build_system":"autotools","cflags":[],"cppflags":[],"cxxflags":[],"fflags":[],"ldflags":[],"ldlibs":[]},"external":{"path":"/usr","module":null,"extra_attributes":{}},"package_hash":"o6vd55gzw74grnmg4yrt3smyrtsshssqjvxsqbchcjimkv2nkysa====","annotations":{"original_specfile_version":5},"hash":"fth7jowyvb2w7owyzjcx2ciysgoizu2n"},"hrkctml7abzlw7rlhynanzlprqceqsbj":{"name":"hdf5","version":"1.14.6","arch":{"platform":"linux","platform_os":"rhel8","target":{"name":"skylake_avx512","vendor":"GenuineIntel","features":["abm","adx","aes","avx","avx2","avx512bw","avx512cd","avx512dq","avx512f","avx512vl","bmi1","bmi2","clflushopt","clwb","cx16","f16c","fma","lahf_lm","mmx","movbe","pclmulqdq","popcnt","rdrand","rdseed","sse","sse2","sse3","sse4_1","sse4_2","ssse3","xsave","xsavec","xsaveopt"],"generation":0,"parents":["skylake","x86_64_v4"],"cpupart":""}},"namespace":"builtin","parameters":{"api":"default","build_system":"cmake","build_type":"Release","cxx":true,"cxxstd":"11","fortran":true,"generator":"make","hl":true,"ipo":false,"java":false,"map":false,"mpi":false,"shared":true,"szip":true,"threadsafe":false,"tools":true,"cflags":[],"cppflags":[],"cxxflags":[],"fflags":[],"ldflags":[],"ldlibs":[]},"package_hash":"ouet4dtd3w3eavg5huqy2bzmnqejmsg5gtpudnh7lqelwrvev5xa====","dependencies":[{"name":"cmake","hash":"w737clvwmirjezplxe6avxfydsxesfcu","parameters":{"deptypes":["build"],"virtuals":[]}},{"name":"compiler-wrapper","hash":"4ejdusolckqlxmrw7r34x3rgpfq24yyw","parameters":{"deptypes":["build"],"virtuals":[]}},{"name":"gcc","hash":"w6akmqjjogstolgcqh5loghofzx54fk5","parameters":{"deptypes":["build"],"virtuals":["c","cxx","fortran"]}},{"name":"gcc-runtime","hash":"642dvw6noz3zugdhs4uyvgwdkn3uhdxw","parameters":{"deptypes":["link"],"virtuals":["fortran-rt","libgfortran"]}},{"name":"glibc","hash":"wklw66w6nfmeu4rz357lnkqgj5xs6kjd","parameters":{"deptypes":["link"],"virtuals":["libc"]}},{"name":"gmake","hash":"ky23t6ogauz36i2b4qs4ov44jz7pmdpb","parameters":{"deptypes":["build"],"virtuals":[]}},{"name":"libaec","hash":"xd6uel536zffnkecqr7zptdrudmje23k","parameters":{"deptypes":["build","link"],"virtuals":["szip"]}}],"annotations":{"original_specfile_version":5},"hash":"hrkctml7abzlw7rlhynanzlprqceqsbj"},"xd6uel536zffnkecqr7zptdrudmje23k":{"name":"libaec","version":"1.1.4","arch":{"platform":"linux","platform_os":"rhel8","target":{"name":"skylake_avx512","vendor":"GenuineIntel","features":["abm","adx","aes","avx","avx2","avx512bw","avx512cd","avx512dq","avx512f","avx512vl","bmi1","bmi2","clflushopt","clwb","cx16","f16c","fma","lahf_lm","mmx","movbe","pclmulqdq","popcnt","rdrand","rdseed","sse","sse2","sse3","sse4_1","sse4_2","ssse3","xsave","xsavec","xsaveopt"],"generation":0,"parents":["skylake","x86_64_v4"],"cpupart":""}},"namespace":"builtin","parameters":{"build_system":"cmake","build_type":"Release","generator":"make","ipo":false,"shared":true,"cflags":[],"cppflags":[],"cxxflags":[],"fflags":[],"ldflags":[],"ldlibs":[]},"package_hash":"obcokj3uwsspoollzd34hycyzqxbjigsxwc742y36xfimwbvx6dq====","dependencies":[{"name":"cmake","hash":"w737clvwmirjezplxe6avxfydsxesfcu","parameters":{"deptypes":["build"],"virtuals":[]}},{"name":"compiler-wrapper","hash":"4ejdusolckqlxmrw7r34x3rgpfq24yyw","parameters":{"deptypes":["build"],"virtuals":[]}},{"name":"gcc","hash":"w6akmqjjogstolgcqh5loghofzx54fk5","parameters":{"deptypes":["build"],"virtuals":["c","cxx"]}},{"name":"gcc-runtime","hash":"642dvw6noz3zugdhs4uyvgwdkn3uhdxw","parameters":{"deptypes":["link"],"virtuals":[]}},{"name":"glibc","hash":"wklw66w6nfmeu4rz357lnkqgj5xs6kjd","parameters":{"deptypes":["link"],"virtuals":["libc"]}},{"name":"gmake","hash":"ky23t6ogauz36i2b4qs4ov44jz7pmdpb","parameters":{"deptypes":["build"],"virtuals":[]}}],"annotations":{"original_specfile_version":5},"hash":"xd6uel536zffnkecqr7zptdrudmje23k"},"gu3a57n3hj6ensj53ocvhwibrlkaf7pw":{"name":"libjpeg-turbo","version":"3.1.3","arch":{"platform":"linux","platform_os":"rhel8","target":{"name":"skylake_avx512","vendor":"GenuineIntel","features":["abm","adx","aes","avx","avx2","avx512bw","avx512cd","avx512dq","avx512f","avx512vl","bmi1","bmi2","clflushopt","clwb","cx16","f16c","fma","lahf_lm","mmx","movbe","pclmulqdq","popcnt","rdrand","rdseed","sse","sse2","sse3","sse4_1","sse4_2","ssse3","xsave","xsavec","xsaveopt"],"generation":0,"parents":["skylake","x86_64_v4"],"cpupart":""}},"namespace":"builtin","parameters":{"build_system":"cmake","build_type":"Release","generator":"make","ipo":false,"jpeg8":false,"libs":["shared","static"],"partial_decoder":false,"pic":true,"cflags":[],"cppflags":[],"cxxflags":[],"fflags":[],"ldflags":[],"ldlibs":[]},"package_hash":"gjsxjq6otjfv6kloqtwgdaqzngvcczhiteuuftkk67nfo4ubv5lq====","dependencies":[{"name":"cmake","hash":"w737clvwmirjezplxe6avxfydsxesfcu","parameters":{"deptypes":["build"],"virtuals":[]}},{"name":"compiler-wrapper","hash":"4ejdusolckqlxmrw7r34x3rgpfq24yyw","parameters":{"deptypes":["build"],"virtuals":[]}},{"name":"gcc","hash":"w6akmqjjogstolgcqh5loghofzx54fk5","parameters":{"deptypes":["build"],"virtuals":["c","cxx"]}},{"name":"gcc-runtime","hash":"642dvw6noz3zugdhs4uyvgwdkn3uhdxw","parameters":{"deptypes":["link"],"virtuals":[]}},{"name":"glibc","hash":"wklw66w6nfmeu4rz357lnkqgj5xs6kjd","parameters":{"deptypes":["link"],"virtuals":["libc"]}},{"name":"gmake","hash":"ky23t6ogauz36i2b4qs4ov44jz7pmdpb","parameters":{"deptypes":["build"],"virtuals":[]}}],"annotations":{"original_specfile_version":5},"hash":"gu3a57n3hj6ensj53ocvhwibrlkaf7pw"},"zzircl6meetjijyyrv6k4zxwlpflsll6":{"name":"netcdf-c","version":"4.7.4","arch":{"platform":"linux","platform_os":"rhel8","target":{"name":"skylake_avx512","vendor":"GenuineIntel","features":["abm","adx","aes","avx","avx2","avx512bw","avx512cd","avx512dq","avx512f","avx512vl","bmi1","bmi2","clflushopt","clwb","cx16","f16c","fma","lahf_lm","mmx","movbe","pclmulqdq","popcnt","rdrand","rdseed","sse","sse2","sse3","sse4_1","sse4_2","ssse3","xsave","xsavec","xsaveopt"],"generation":0,"parents":["skylake","x86_64_v4"],"cpupart":""}},"namespace":"builtin","parameters":{"blosc":false,"build_system":"autotools","byterange":false,"dap":true,"examples":true,"fsync":true,"hdf4":false,"jna":true,"logging":false,"mpi":false,"nczarr_zip":false,"optimize":true,"parallel-netcdf":false,"patches":["5adacbeb7021ba59e6cdb23bb0095c720b9da925b276418c66d5eb9c8ddb0d56"],"pic":true,"shared":true,"szip":false,"tests":true,"utilities":true,"zstd":false,"cflags":[],"cppflags":[],"cxxflags":[],"fflags":[],"ldflags":[],"ldlibs":[]},"patches":["5adacbeb7021ba59e6cdb23bb0095c720b9da925b276418c66d5eb9c8ddb0d56"],"package_hash":"yosmperxw6zwoiu7wzddgstb6ao3wzwpqvuhq4gkymw4rshadx4q====","dependencies":[{"name":"compiler-wrapper","hash":"4ejdusolckqlxmrw7r34x3rgpfq24yyw","parameters":{"deptypes":["build"],"virtuals":[]}},{"name":"gcc","hash":"w6akmqjjogstolgcqh5loghofzx54fk5","parameters":{"deptypes":["build"],"virtuals":["c"]}},{"name":"gcc-runtime","hash":"642dvw6noz3zugdhs4uyvgwdkn3uhdxw","parameters":{"deptypes":["link"],"virtuals":[]}},{"name":"glibc","hash":"wklw66w6nfmeu4rz357lnkqgj5xs6kjd","parameters":{"deptypes":["link"],"virtuals":["libc"]}},{"name":"gmake","hash":"ky23t6ogauz36i2b4qs4ov44jz7pmdpb","parameters":{"deptypes":["build"],"virtuals":[]}},{"name":"hdf5","hash":"hrkctml7abzlw7rlhynanzlprqceqsbj","parameters":{"deptypes":["build","link"],"virtuals":[]}}],"annotations":{"original_specfile_version":5},"hash":"zzircl6meetjijyyrv6k4zxwlpflsll6"},"rx7fv4lhrpodm4isxqup7crmlh66y4p4":{"name":"openmpi","version":"5.0.10","arch":{"platform":"linux","platform_os":"rhel8","target":{"name":"skylake_avx512","vendor":"GenuineIntel","features":["abm","adx","aes","avx","avx2","avx512bw","avx512cd","avx512dq","avx512f","avx512vl","bmi1","bmi2","clflushopt","clwb","cx16","f16c","fma","lahf_lm","mmx","movbe","pclmulqdq","popcnt","rdrand","rdseed","sse","sse2","sse3","sse4_1","sse4_2","ssse3","xsave","xsavec","xsaveopt"],"generation":0,"parents":["skylake","x86_64_v4"],"cpupart":""}},"namespace":"builtin","parameters":{"arc":true,"atomics":true,"build_system":"autotools","cuda":false,"debug":false,"fabrics":["none"],"fortran":true,"gpfs":false,"ipv6":false,"java":false,"lustre":false,"memchecker":false,"patches":["646eb1a7382d628eb821715ca69fc5467a9a25aaddfe8290dbce008536dbfaa0","caecbd6bffbc83c1040367f79f036f01f0761f90aa3a35961cc7ba935b5fd16c"],"rocm":false,"romio":false,"romio-filesystem":["none"],"rsh":true,"schedulers":["none"],"static":false,"two_level_namespace":false,"vt":true,"wrapper-rpath":true,"cflags":[],"cppflags":[],"cxxflags":[],"fflags":[],"ldflags":[],"ldlibs":[]},"patches":["caecbd6bffbc83c1040367f79f036f01f0761f90aa3a35961cc7ba935b5fd16c","646eb1a7382d628eb821715ca69fc5467a9a25aaddfe8290dbce008536dbfaa0"],"package_hash":"tsduqkii4xtarawuo5q35otv5q25awgwifadnq5wwkhsfzjz7j4a====","dependencies":[{"name":"autoconf","hash":"x3f32fq5gt4poet3wpbcllnhld4skvzt","parameters":{"deptypes":["build"],"virtuals":[]}},{"name":"automake","hash":"lc7cjsibhmv7go5b2mtes3ccyb62yfag","parameters":{"deptypes":["build"],"virtuals":[]}},{"name":"compiler-wrapper","hash":"4ejdusolckqlxmrw7r34x3rgpfq24yyw","parameters":{"deptypes":["build"],"virtuals":[]}},{"name":"gcc","hash":"w6akmqjjogstolgcqh5loghofzx54fk5","parameters":{"deptypes":["build"],"virtuals":["c","cxx","fortran"]}},{"name":"gcc-runtime","hash":"642dvw6noz3zugdhs4uyvgwdkn3uhdxw","parameters":{"deptypes":["link"],"virtuals":["fortran-rt","libgfortran"]}},{"name":"glibc","hash":"wklw66w6nfmeu4rz357lnkqgj5xs6kjd","parameters":{"deptypes":["link"],"virtuals":["libc"]}},{"name":"gmake","hash":"ky23t6ogauz36i2b4qs4ov44jz7pmdpb","parameters":{"deptypes":["build"],"virtuals":[]}}],"annotations":{"original_specfile_version":5},"hash":"rx7fv4lhrpodm4isxqup7crmlh66y4p4"},"x3f32fq5gt4poet3wpbcllnhld4skvzt":{"name":"autoconf","version":"2.69","arch":{"platform":"linux","platform_os":"rhel8","target":"x86_64"},"namespace":"builtin","parameters":{"build_system":"autotools","cflags":[],"cppflags":[],"cxxflags":[],"fflags":[],"ldflags":[],"ldlibs":[]},"external":{"path":"/usr","module":null,"extra_attributes":{}},"package_hash":"zipi4haoqqzlo5vmq5yh6educsnibh5dg5zjn7pgncouksf4rosa====","annotations":{"original_specfile_version":5},"hash":"x3f32fq5gt4poet3wpbcllnhld4skvzt"},"lc7cjsibhmv7go5b2mtes3ccyb62yfag":{"name":"automake","version":"1.18.1","arch":{"platform":"linux","platform_os":"rhel8","target":{"name":"skylake_avx512","vendor":"GenuineIntel","features":["abm","adx","aes","avx","avx2","avx512bw","avx512cd","avx512dq","avx512f","avx512vl","bmi1","bmi2","clflushopt","clwb","cx16","f16c","fma","lahf_lm","mmx","movbe","pclmulqdq","popcnt","rdrand","rdseed","sse","sse2","sse3","sse4_1","sse4_2","ssse3","xsave","xsavec","xsaveopt"],"generation":0,"parents":["skylake","x86_64_v4"],"cpupart":""}},"namespace":"builtin","parameters":{"build_system":"autotools","cflags":[],"cppflags":[],"cxxflags":[],"fflags":[],"ldflags":[],"ldlibs":[]},"package_hash":"ah4rkjdzqkmhyh6erbzj5cebrxeoqxt4k4peteswpmrz5wc23s7q====","dependencies":[{"name":"autoconf","hash":"x3f32fq5gt4poet3wpbcllnhld4skvzt","parameters":{"deptypes":["build"],"virtuals":[]}},{"name":"compiler-wrapper","hash":"4ejdusolckqlxmrw7r34x3rgpfq24yyw","parameters":{"deptypes":["build"],"virtuals":[]}},{"name":"gcc","hash":"w6akmqjjogstolgcqh5loghofzx54fk5","parameters":{"deptypes":["build"],"virtuals":["c"]}},{"name":"gcc-runtime","hash":"642dvw6noz3zugdhs4uyvgwdkn3uhdxw","parameters":{"deptypes":["link"],"virtuals":[]}},{"name":"glibc","hash":"wklw66w6nfmeu4rz357lnkqgj5xs6kjd","parameters":{"deptypes":["link"],"virtuals":["libc"]}},{"name":"gmake","hash":"ky23t6ogauz36i2b4qs4ov44jz7pmdpb","parameters":{"deptypes":["build"],"virtuals":[]}}],"annotations":{"original_specfile_version":5},"hash":"lc7cjsibhmv7go5b2mtes3ccyb62yfag"}}}